{
  "name": "keyboard-browser-service-ui",
  "version": "1.0.0",
  "lockfileVersion": 3,
  "requires": true,
  "packages": {
    "": {
      "name": "keyboard-browser-service-ui",
      "version": "1.0.0",
      "dependencies": {
        "lucide-react": "^0.344.0"
      }
    },
    "node_modules/lucide-react": {
      "version": "0.344.0",
      "resolved": "https://registry.npmjs.org/lucide-react/-/lucide-react-0.344.0.tgz",
      "integrity": "sha512-6YyBnn91GB45VuVT96bYCOKElbJzUHqp65vX8cDcu55MQL9T969v4dhGClpljamuI/+KMO9P6w9Acq1CVQGvIQ==",
      "license": "ISC",
      "peerDependencies": {
        "react": "^16.5.1 || ^17.0.0 || ^18.0.0"
      }
    }
  }
}
